
Microsoft Visual Studio Solution File, Format Version 12.00
# Visual Studio Version 16
VisualStudioVersion = 16.0.31129.286
MinimumVisualStudioVersion = 10.0.40219.1
Project("{FAE04EC0-301F-11D3-BF4B-00C04F79EFBC}") = "Ostatni_świecie", "Ostatni_świecie\Ostatni_świecie.csproj", "{3AFD8411-6291-49BE-AF43-7FA59176E94A}"
EndProject
Global
	GlobalSection(SolutionConfigurationPlatforms) = preSolution
		Debug|Any CPU = Debug|Any CPU
		Release|Any CPU = Release|Any CPU
	EndGlobalSection
	GlobalSection(ProjectConfigurationPlatforms) = postSolution
		{3AFD8411-6291-49BE-AF43-7FA59176E94A}.Debug|Any CPU.ActiveCfg = Debug|Any CPU
		{3AFD8411-6291-49BE-AF43-7FA59176E94A}.Debug|Any CPU.Build.0 = Debug|Any CPU
		{3AFD8411-6291-49BE-AF43-7FA59176E94A}.Release|Any CPU.ActiveCfg = Release|Any CPU
		{3AFD8411-6291-49BE-AF43-7FA59176E94A}.Release|Any CPU.Build.0 = Release|Any CPU
	EndGlobalSection
	GlobalSection(SolutionProperties) = preSolution
		HideSolutionNode = FALSE
	EndGlobalSection
	GlobalSection(ExtensibilityGlobals) = postSolution
		SolutionGuid = {8F797CF6-5933-4159-85C6-49E1D0A774F9}
	EndGlobalSection
EndGlobal
